// !$*UTF8*$!
{
	archiveVersion = 1;
	classes = {
	};
	objectVersion = 46;
	objects = {

/* Begin PBXBuildFile section */
		6E939E61134EE81600B0740F /* Cocoa.framework in Frameworks */ = {isa = PBXBuildFile; fileRef = 6E939E60134EE81600B0740F /* Cocoa.framework */; };
		6E939E6B134EE81600B0740F /* InfoPlist.strings in Resources */ = {isa = PBXBuildFile; fileRef = 6E939E69134EE81600B0740F /* InfoPlist.strings */; };
		6E939E6E134EE81600B0740F /* main.m in Sources */ = {isa = PBXBuildFile; fileRef = 6E939E6D134EE81600B0740F /* main.m */; };
		6E939E71134EE81600B0740F /* Credits.rtf in Resources */ = {isa = PBXBuildFile; fileRef = 6E939E6F134EE81600B0740F /* Credits.rtf */; };
		6E939E74134EE81700B0740F /* poiSelectorAppDelegate.m in Sources */ = {isa = PBXBuildFile; fileRef = 6E939E73134EE81700B0740F /* poiSelectorAppDelegate.m */; };
		6E939E77134EE81700B0740F /* MainMenu.xib in Resources */ = {isa = PBXBuildFile; fileRef = 6E939E75134EE81700B0740F /* MainMenu.xib */; };
		6E939E7E134EE81700B0740F /* Cocoa.framework in Frameworks */ = {isa = PBXBuildFile; fileRef = 6E939E60134EE81600B0740F /* Cocoa.framework */; };
		6E939E86134EE81700B0740F /* InfoPlist.strings in Resources */ = {isa = PBXBuildFile; fileRef = 6E939E84134EE81700B0740F /* InfoPlist.strings */; };
		6E939E89134EE81700B0740F /* poiSelectorTests.h in Resources */ = {isa = PBXBuildFile; fileRef = 6E939E88134EE81700B0740F /* poiSelectorTests.h */; };
		6E939E8B134EE81700B0740F /* poiSelectorTests.m in Sources */ = {isa = PBXBuildFile; fileRef = 6E939E8A134EE81700B0740F /* poiSelectorTests.m */; };
/* End PBXBuildFile section */

/* Begin PBXContainerItemProxy section */
		6E939E7F134EE81700B0740F /* PBXContainerItemProxy */ = {
			isa = PBXContainerItemProxy;
			containerPortal = 6E939E53134EE81500B0740F /* Project object */;
			proxyType = 1;
			remoteGlobalIDString = 6E939E5B134EE81600B0740F;
			remoteInfo = poiSelector;
		};
/* End PBXContainerItemProxy section */

/* Begin PBXFileReference section */
		6E939E5C134EE81600B0740F /* poi-selector.app */ = {isa = PBXFileReference; explicitFileType = wrapper.application; includeInIndex = 0; path = "poi-selector.app"; sourceTree = BUILT_PRODUCTS_DIR; };
		6E939E60134EE81600B0740F /* Cocoa.framework */ = {isa = PBXFileReference; lastKnownFileType = wrapper.framework; name = Cocoa.framework; path = System/Library/Frameworks/Cocoa.framework; sourceTree = SDKROOT; };
		6E939E63134EE81600B0740F /* AppKit.framework */ = {isa = PBXFileReference; lastKnownFileType = wrapper.framework; name = AppKit.framework; path = System/Library/Frameworks/AppKit.framework; sourceTree = SDKROOT; };
		6E939E64134EE81600B0740F /* CoreData.framework */ = {isa = PBXFileReference; lastKnownFileType = wrapper.framework; name = CoreData.framework; path = System/Library/Frameworks/CoreData.framework; sourceTree = SDKROOT; };
		6E939E65134EE81600B0740F /* Foundation.framework */ = {isa = PBXFileReference; lastKnownFileType = wrapper.framework; name = Foundation.framework; path = System/Library/Frameworks/Foundation.framework; sourceTree = SDKROOT; };
		6E939E68134EE81600B0740F /* poi-selector-Info.plist */ = {isa = PBXFileReference; lastKnownFileType = text.plist.xml; path = "poi-selector-Info.plist"; sourceTree = "<group>"; };
		6E939E6A134EE81600B0740F /* en */ = {isa = PBXFileReference; lastKnownFileType = text.plist.strings; name = en; path = en.lproj/InfoPlist.strings; sourceTree = "<group>"; };
		6E939E6C134EE81600B0740F /* poi-selector-Prefix.pch */ = {isa = PBXFileReference; lastKnownFileType = sourcecode.c.h; path = "poi-selector-Prefix.pch"; sourceTree = "<group>"; };
		6E939E6D134EE81600B0740F /* main.m */ = {isa = PBXFileReference; lastKnownFileType = sourcecode.c.objc; path = main.m; sourceTree = "<group>"; };
		6E939E70134EE81600B0740F /* en */ = {isa = PBXFileReference; lastKnownFileType = text.rtf; name = en; path = en.lproj/Credits.rtf; sourceTree = "<group>"; };
		6E939E72134EE81700B0740F /* poiSelectorAppDelegate.h */ = {isa = PBXFileReference; lastKnownFileType = sourcecode.c.h; path = poiSelectorAppDelegate.h; sourceTree = "<group>"; };
		6E939E73134EE81700B0740F /* poiSelectorAppDelegate.m */ = {isa = PBXFileReference; lastKnownFileType = sourcecode.c.objc; path = poiSelectorAppDelegate.m; sourceTree = "<group>"; };
		6E939E76134EE81700B0740F /* en */ = {isa = PBXFileReference; lastKnownFileType = file.xib; name = en; path = en.lproj/MainMenu.xib; sourceTree = "<group>"; };
		6E939E7D134EE81700B0740F /* poi-selectorTests.octest */ = {isa = PBXFileReference; explicitFileType = wrapper.cfbundle; includeInIndex = 0; path = "poi-selectorTests.octest"; sourceTree = BUILT_PRODUCTS_DIR; };
		6E939E83134EE81700B0740F /* poi-selectorTests-Info.plist */ = {isa = PBXFileReference; lastKnownFileType = text.plist.xml; path = "poi-selectorTests-Info.plist"; sourceTree = "<group>"; };
		6E939E85134EE81700B0740F /* en */ = {isa = PBXFileReference; lastKnownFileType = text.plist.strings; name = en; path = en.lproj/InfoPlist.strings; sourceTree = "<group>"; };
		6E939E87134EE81700B0740F /* poi-selectorTests-Prefix.pch */ = {isa = PBXFileReference; lastKnownFileType = sourcecode.c.h; path = "poi-selectorTests-Prefix.pch"; sourceTree = "<group>"; };
		6E939E88134EE81700B0740F /* poiSelectorTests.h */ = {isa = PBXFileReference; lastKnownFileType = sourcecode.c.h; path = poiSelectorTests.h; sourceTree = "<group>"; };
		6E939E8A134EE81700B0740F /* poiSelectorTests.m */ = {isa = PBXFileReference; lastKnownFileType = sourcecode.c.objc; path = poiSelectorTests.m; sourceTree = "<group>"; };
/* End PBXFileReference section */

/* Begin PBXFrameworksBuildPhase section */
		6E939E59134EE81600B0740F /* Frameworks */ = {
			isa = PBXFrameworksBuildPhase;
			buildActionMask = 2147483647;
			files = (
				6E939E61134EE81600B0740F /* Cocoa.framework in Frameworks */,
			);
			runOnlyForDeploymentPostprocessing = 0;
		};
		6E939E79134EE81700B0740F /* Frameworks */ = {
			isa = PBXFrameworksBuildPhase;
			buildActionMask = 2147483647;
			files = (
				6E939E7E134EE81700B0740F /* Cocoa.framework in Frameworks */,
			);
			runOnlyForDeploymentPostprocessing = 0;
		};
/* End PBXFrameworksBuildPhase section */

/* Begin PBXGroup section */
		6E939E51134EE81500B0740F = {
			isa = PBXGroup;
			children = (
				6E939E66134EE81600B0740F /* poi-loader */,
				6E939E81134EE81700B0740F /* poi-loader-Tests */,
				6E939E5F134EE81600B0740F /* Frameworks */,
				6E939E5D134EE81600B0740F /* Products */,
			);
			sourceTree = "<group>";
		};
		6E939E5D134EE81600B0740F /* Products */ = {
			isa = PBXGroup;
			children = (
				6E939E5C134EE81600B0740F /* poi-selector.app */,
				6E939E7D134EE81700B0740F /* poi-selectorTests.octest */,
			);
			name = Products;
			sourceTree = "<group>";
		};
		6E939E5F134EE81600B0740F /* Frameworks */ = {
			isa = PBXGroup;
			children = (
				6E939E60134EE81600B0740F /* Cocoa.framework */,
				6E939E62134EE81600B0740F /* Other Frameworks */,
			);
			name = Frameworks;
			sourceTree = "<group>";
		};
		6E939E62134EE81600B0740F /* Other Frameworks */ = {
			isa = PBXGroup;
			children = (
				6E939E63134EE81600B0740F /* AppKit.framework */,
				6E939E64134EE81600B0740F /* CoreData.framework */,
				6E939E65134EE81600B0740F /* Foundation.framework */,
			);
			name = "Other Frameworks";
			sourceTree = "<group>";
		};
		6E939E66134EE81600B0740F /* poi-loader */ = {
			isa = PBXGroup;
			children = (
				6E939E72134EE81700B0740F /* poiSelectorAppDelegate.h */,
				6E939E73134EE81700B0740F /* poiSelectorAppDelegate.m */,
				6E939E75134EE81700B0740F /* MainMenu.xib */,
				6E939E67134EE81600B0740F /* Supporting Files */,
			);
			name = "poi-loader";
			path = poiSelector;
			sourceTree = "<group>";
		};
		6E939E67134EE81600B0740F /* Supporting Files */ = {
			isa = PBXGroup;
			children = (
				6E939E68134EE81600B0740F /* poi-selector-Info.plist */,
				6E939E69134EE81600B0740F /* InfoPlist.strings */,
				6E939E6C134EE81600B0740F /* poi-selector-Prefix.pch */,
				6E939E6D134EE81600B0740F /* main.m */,
				6E939E6F134EE81600B0740F /* Credits.rtf */,
			);
			name = "Supporting Files";
			sourceTree = "<group>";
		};
		6E939E81134EE81700B0740F /* poi-loader-Tests */ = {
			isa = PBXGroup;
			children = (
				6E939E88134EE81700B0740F /* poiSelectorTests.h */,
				6E939E8A134EE81700B0740F /* poiSelectorTests.m */,
				6E939E82134EE81700B0740F /* Supporting Files */,
			);
			name = "poi-loader-Tests";
			path = poiSelectorTests;
			sourceTree = "<group>";
		};
		6E939E82134EE81700B0740F /* Supporting Files */ = {
			isa = PBXGroup;
			children = (
				6E939E83134EE81700B0740F /* poi-selectorTests-Info.plist */,
				6E939E84134EE81700B0740F /* InfoPlist.strings */,
				6E939E87134EE81700B0740F /* poi-selectorTests-Prefix.pch */,
			);
			name = "Supporting Files";
			sourceTree = "<group>";
		};
/* End PBXGroup section */

/* Begin PBXNativeTarget section */
		6E939E5B134EE81600B0740F /* poi-selector */ = {
			isa = PBXNativeTarget;
			buildConfigurationList = 6E939E8E134EE81700B0740F /* Build configuration list for PBXNativeTarget "poi-selector" */;
			buildPhases = (
				6E939E58134EE81600B0740F /* Sources */,
				6E939E59134EE81600B0740F /* Frameworks */,
				6E939E5A134EE81600B0740F /* Resources */,
			);
			buildRules = (
			);
			dependencies = (
			);
			name = "poi-selector";
			productName = poiSelector;
			productReference = 6E939E5C134EE81600B0740F /* poi-selector.app */;
			productType = "com.apple.product-type.application";
		};
		6E939E7C134EE81700B0740F /* poi-selectorTests */ = {
			isa = PBXNativeTarget;
			buildConfigurationList = 6E939E91134EE81700B0740F /* Build configuration list for PBXNativeTarget "poi-selectorTests" */;
			buildPhases = (
				6E939E78134EE81700B0740F /* Sources */,
				6E939E79134EE81700B0740F /* Frameworks */,
				6E939E7A134EE81700B0740F /* Resources */,
				6E939E7B134EE81700B0740F /* ShellScript */,
			);
			buildRules = (
			);
			dependencies = (
				6E939E80134EE81700B0740F /* PBXTargetDependency */,
			);
			name = "poi-selectorTests";
			productName = poiSelectorTests;
			productReference = 6E939E7D134EE81700B0740F /* poi-selectorTests.octest */;
			productType = "com.apple.product-type.bundle";
		};
/* End PBXNativeTarget section */

/* Begin PBXProject section */
		6E939E53134EE81500B0740F /* Project object */ = {
			isa = PBXProject;
			attributes = {
				LastUpgradeCheck = 0510;
			};
			buildConfigurationList = 6E939E56134EE81500B0740F /* Build configuration list for PBXProject "poi-selector" */;
			compatibilityVersion = "Xcode 3.2";
			developmentRegion = English;
			hasScannedForEncodings = 0;
			knownRegions = (
				en,
			);
			mainGroup = 6E939E51134EE81500B0740F;
			productRefGroup = 6E939E5D134EE81600B0740F /* Products */;
			projectDirPath = "";
			projectRoot = "";
			targets = (
				6E939E5B134EE81600B0740F /* poi-selector */,
				6E939E7C134EE81700B0740F /* poi-selectorTests */,
			);
		};
/* End PBXProject section */

/* Begin PBXResourcesBuildPhase section */
		6E939E5A134EE81600B0740F /* Resources */ = {
			isa = PBXResourcesBuildPhase;
			buildActionMask = 2147483647;
			files = (
				6E939E6B134EE81600B0740F /* InfoPlist.strings in Resources */,
				6E939E71134EE81600B0740F /* Credits.rtf in Resources */,
				6E939E77134EE81700B0740F /* MainMenu.xib in Resources */,
			);
			runOnlyForDeploymentPostprocessing = 0;
		};
		6E939E7A134EE81700B0740F /* Resources */ = {
			isa = PBXResourcesBuildPhase;
			buildActionMask = 2147483647;
			files = (
				6E939E86134EE81700B0740F /* InfoPlist.strings in Resources */,
				6E939E89134EE81700B0740F /* poiSelectorTests.h in Resources */,
			);
			runOnlyForDeploymentPostprocessing = 0;
		};
/* End PBXResourcesBuildPhase section */

/* Begin PBXShellScriptBuildPhase section */
		6E939E7B134EE81700B0740F /* ShellScript */ = {
			isa = PBXShellScriptBuildPhase;
			buildActionMask = 2147483647;
			files = (
			);
			inputPaths = (
			);
			outputPaths = (
			);
			runOnlyForDeploymentPostprocessing = 0;
			shellPath = /bin/sh;
			shellScript = "# Run the unit tests in this test bundle.\n\"${SYSTEM_DEVELOPER_DIR}/Tools/RunUnitTests\"\n";
		};
/* End PBXShellScriptBuildPhase section */

/* Begin PBXSourcesBuildPhase section */
		6E939E58134EE81600B0740F /* Sources */ = {
			isa = PBXSourcesBuildPhase;
			buildActionMask = 2147483647;
			files = (
				6E939E6E134EE81600B0740F /* main.m in Sources */,
				6E939E74134EE81700B0740F /* poiSelectorAppDelegate.m in Sources */,
			);
			runOnlyForDeploymentPostprocessing = 0;
		};
		6E939E78134EE81700B0740F /* Sources */ = {
			isa = PBXSourcesBuildPhase;
			buildActionMask = 2147483647;
			files = (
				6E939E8B134EE81700B0740F /* poiSelectorTests.m in Sources */,
			);
			runOnlyForDeploymentPostprocessing = 0;
		};
/* End PBXSourcesBuildPhase section */

/* Begin PBXTargetDependency section */
		6E939E80134EE81700B0740F /* PBXTargetDependency */ = {
			isa = PBXTargetDependency;
			target = 6E939E5B134EE81600B0740F /* poi-selector */;
			targetProxy = 6E939E7F134EE81700B0740F /* PBXContainerItemProxy */;
		};
/* End PBXTargetDependency section */

/* Begin PBXVariantGroup section */
		6E939E69134EE81600B0740F /* InfoPlist.strings */ = {
			isa = PBXVariantGroup;
			children = (
				6E939E6A134EE81600B0740F /* en */,
			);
			name = InfoPlist.strings;
			sourceTree = "<group>";
		};
		6E939E6F134EE81600B0740F /* Credits.rtf */ = {
			isa = PBXVariantGroup;
			children = (
				6E939E70134EE81600B0740F /* en */,
			);
			name = Credits.rtf;
			sourceTree = "<group>";
		};
		6E939E75134EE81700B0740F /* MainMenu.xib */ = {
			isa = PBXVariantGroup;
			children = (
				6E939E76134EE81700B0740F /* en */,
			);
			name = MainMenu.xib;
			sourceTree = "<group>";
		};
		6E939E84134EE81700B0740F /* InfoPlist.strings */ = {
			isa = PBXVariantGroup;
			children = (
				6E939E85134EE81700B0740F /* en */,
			);
			name = InfoPlist.strings;
			sourceTree = "<group>";
		};
/* End PBXVariantGroup section */

/* Begin XCBuildConfiguration section */
		6E939E8C134EE81700B0740F /* Debug */ = {
			isa = XCBuildConfiguration;
			buildSettings = {
				CLANG_WARN_BOOL_CONVERSION = YES;
				CLANG_WARN_CONSTANT_CONVERSION = YES;
				CLANG_WARN_EMPTY_BODY = YES;
				CLANG_WARN_ENUM_CONVERSION = YES;
				CLANG_WARN_INT_CONVERSION = YES;
				CLANG_WARN__DUPLICATE_METHOD_MATCH = YES;
				GCC_C_LANGUAGE_STANDARD = gnu99;
				GCC_OPTIMIZATION_LEVEL = 0;
				GCC_PREPROCESSOR_DEFINITIONS = DEBUG;
				GCC_SYMBOLS_PRIVATE_EXTERN = NO;
				GCC_VERSION = com.apple.compilers.llvm.clang.1_0;
				GCC_WARN_64_TO_32_BIT_CONVERSION = YES;
				GCC_WARN_ABOUT_RETURN_TYPE = YES;
				GCC_WARN_UNDECLARED_SELECTOR = YES;
				GCC_WARN_UNINITIALIZED_AUTOS = YES;
				GCC_WARN_UNUSED_FUNCTION = YES;
				GCC_WARN_UNUSED_VARIABLE = YES;
				MACOSX_DEPLOYMENT_TARGET = 10.6;
				ONLY_ACTIVE_ARCH = YES;
				SDKROOT = macosx;
			};
			name = Debug;
		};
		6E939E8D134EE81700B0740F /* Release */ = {
			isa = XCBuildConfiguration;
			buildSettings = {
				CLANG_WARN_BOOL_CONVERSION = YES;
				CLANG_WARN_CONSTANT_CONVERSION = YES;
				CLANG_WARN_EMPTY_BODY = YES;
				CLANG_WARN_ENUM_CONVERSION = YES;
				CLANG_WARN_INT_CONVERSION = YES;
				CLANG_WARN__DUPLICATE_METHOD_MATCH = YES;
				GCC_C_LANGUAGE_STANDARD = gnu99;
				GCC_VERSION = com.apple.compilers.llvm.clang.1_0;
				GCC_WARN_64_TO_32_BIT_CONVERSION = YES;
				GCC_WARN_ABOUT_RETURN_TYPE = YES;
				GCC_WARN_UNDECLARED_SELECTOR = YES;
				GCC_WARN_UNINITIALIZED_AUTOS = YES;
				GCC_WARN_UNUSED_FUNCTION = YES;
				GCC_WARN_UNUSED_VARIABLE = YES;
				MACOSX_DEPLOYMENT_TARGET = 10.6;
				SDKROOT = macosx;
			};
			name = Release;
		};
		6E939E8F134EE81700B0740F /* Debug */ = {
			isa = XCBuildConfiguration;
			buildSettings = {
				ALWAYS_SEARCH_USER_PATHS = NO;
				COMBINE_HIDPI_IMAGES = YES;
				COPY_PHASE_STRIP = NO;
				GCC_DYNAMIC_NO_PIC = NO;
				GCC_ENABLE_OBJC_EXCEPTIONS = YES;
				GCC_PRECOMPILE_PREFIX_HEADER = YES;
				GCC_PREFIX_HEADER = "poiSelector/poi-selector-Prefix.pch";
				INFOPLIST_FILE = "poiSelector/poi-selector-Info.plist";
				PRODUCT_NAME = "poi-selector";
				WRAPPER_EXTENSION = app;
			};
			name = Debug;
		};
		6E939E90134EE81700B0740F /* Release */ = {
			isa = XCBuildConfiguration;
			buildSettings = {
				ALWAYS_SEARCH_USER_PATHS = NO;
				COMBINE_HIDPI_IMAGES = YES;
				COPY_PHASE_STRIP = YES;
				DEBUG_INFORMATION_FORMAT = "dwarf-with-dsym";
				GCC_ENABLE_OBJC_EXCEPTIONS = YES;
				GCC_PRECOMPILE_PREFIX_HEADER = YES;
				GCC_PREFIX_HEADER = "poiSelector/poi-selector-Prefix.pch";
				INFOPLIST_FILE = "poiSelector/poi-selector-Info.plist";
				PRODUCT_NAME = "poi-selector";
				WRAPPER_EXTENSION = app;
			};
			name = Release;
		};
		6E939E92134EE81700B0740F /* Debug */ = {
			isa = XCBuildConfiguration;
			buildSettings = {
				ALWAYS_SEARCH_USER_PATHS = NO;
				BUNDLE_LOADER = "$(BUILT_PRODUCTS_DIR)/poiSelector.app/Contents/MacOS/poiSelector";
				COMBINE_HIDPI_IMAGES = YES;
				COPY_PHASE_STRIP = NO;
				FRAMEWORK_SEARCH_PATHS = "$(DEVELOPER_LIBRARY_DIR)/Frameworks";
				GCC_DYNAMIC_NO_PIC = NO;
				GCC_ENABLE_OBJC_EXCEPTIONS = YES;
				GCC_PRECOMPILE_PREFIX_HEADER = YES;
				GCC_PREFIX_HEADER = "poiSelectorTests/poi-selectorTests-Prefix.pch";
				INFOPLIST_FILE = "poiSelectorTests/poi-selectorTests-Info.plist";
				OTHER_LDFLAGS = (
					"-framework",
					SenTestingKit,
				);
				PRODUCT_NAME = "poi-selectorTests";
				TEST_HOST = "$(BUNDLE_LOADER)";
				WRAPPER_EXTENSION = octest;
			};
			name = Debug;
		};
		6E939E93134EE81700B0740F /* Release */ = {
			isa = XCBuildConfiguration;
			buildSettings = {
				ALWAYS_SEARCH_USER_PATHS = NO;
				BUNDLE_LOADER = "$(BUILT_PRODUCTS_DIR)/poiSelector.app/Contents/MacOS/poiSelector";
				COMBINE_HIDPI_IMAGES = YES;
				COPY_PHASE_STRIP = YES;
				DEBUG_INFORMATION_FORMAT = "dwarf-with-dsym";
				FRAMEWORK_SEARCH_PATHS = "$(DEVELOPER_LIBRARY_DIR)/Frameworks";
				GCC_ENABLE_OBJC_EXCEPTIONS = YES;
				GCC_PRECOMPILE_PREFIX_HEADER = YES;
				GCC_PREFIX_HEADER = "poiSelectorTests/poi-selectorTests-Prefix.pch";
				INFOPLIST_FILE = "poiSelectorTests/poi-selectorTests-Info.plist";
				OTHER_LDFLAGS = (
					"-framework",
					SenTestingKit,
				);
				PRODUCT_NAME = "poi-selectorTests";
				TEST_HOST = "$(BUNDLE_LOADER)";
				WRAPPER_EXTENSION = octest;
			};
			name = Release;
		};
/* End XCBuildConfiguration section */

/* Begin XCConfigurationList section */
		6E939E56134EE81500B0740F /* Build configuration list for PBXProject "poi-selector" */ = {
			isa = XCConfigurationList;
			buildConfigurations = (
				6E939E8C134EE81700B0740F /* Debug */,
				6E939E8D134EE81700B0740F /* Release */,
			);
			defaultConfigurationIsVisible = 0;
			defaultConfigurationName = Release;
		};
		6E939E8E134EE81700B0740F /* Build configuration list for PBXNativeTarget "poi-selector" */ = {
			isa = XCConfigurationList;
			buildConfigurations = (
				6E939E8F134EE81700B0740F /* Debug */,
				6E939E90134EE81700B0740F /* Release */,
			);
			defaultConfigurationIsVisible = 0;
			defaultConfigurationName = Release;
		};
		6E939E91134EE81700B0740F /* Build configuration list for PBXNativeTarget "poi-selectorTests" */ = {
			isa = XCConfigurationList;
			buildConfigurations = (
				6E939E92134EE81700B0740F /* Debug */,
				6E939E93134EE81700B0740F /* Release */,
			);
			defaultConfigurationIsVisible = 0;
			defaultConfigurationName = Release;
		};
/* End XCConfigurationList section */
	};
	rootObject = 6E939E53134EE81500B0740F /* Project object */;
}
